
Microsoft Visual Studio Solution File, Format Version 12.00
# Visual Studio Version 17
VisualStudioVersion = 17.3.32922.545
MinimumVisualStudioVersion = 10.0.40219.1
Project("{FAE04EC0-301F-11D3-BF4B-00C04F79EFBC}") = "Space_invaders", "Space_invaders\Space_invaders.csproj", "{846C2FDE-C478-4651-8707-E8962AAF9BEF}"
EndProject
Global
	GlobalSection(SolutionConfigurationPlatforms) = preSolution
		Debug|Any CPU = Debug|Any CPU
		Release|Any CPU = Release|Any CPU
	EndGlobalSection
	GlobalSection(ProjectConfigurationPlatforms) = postSolution
		{846C2FDE-C478-4651-8707-E8962AAF9BEF}.Debug|Any CPU.ActiveCfg = Debug|Any CPU
		{846C2FDE-C478-4651-8707-E8962AAF9BEF}.Debug|Any CPU.Build.0 = Debug|Any CPU
		{846C2FDE-C478-4651-8707-E8962AAF9BEF}.Release|Any CPU.ActiveCfg = Release|Any CPU
		{846C2FDE-C478-4651-8707-E8962AAF9BEF}.Release|Any CPU.Build.0 = Release|Any CPU
	EndGlobalSection
	GlobalSection(SolutionProperties) = preSolution
		HideSolutionNode = FALSE
	EndGlobalSection
	GlobalSection(ExtensibilityGlobals) = postSolution
		SolutionGuid = {5E2A8A8A-7CE8-4473-B20F-BE5A30D39B34}
	EndGlobalSection
EndGlobal
